
Microsoft Visual Studio Solution File, Format Version 12.00
# Visual Studio Version 17
VisualStudioVersion = 17.1.32414.318
MinimumVisualStudioVersion = 10.0.40219.1
Project("{8BC9CEB8-8B4A-11D0-8D11-00A0C91BC942}") = "C.Calculator", "C.Calculator.vcxproj", "{82EBA1EC-C7AC-46B3-9821-0E36040BD5D5}"
EndProject
Global
	GlobalSection(SolutionConfigurationPlatforms) = preSolution
		Debug|x64 = Debug|x64
		Debug|x86 = Debug|x86
		Release|x64 = Release|x64
		Release|x86 = Release|x86
	EndGlobalSection
	GlobalSection(ProjectConfigurationPlatforms) = postSolution
		{82EBA1EC-C7AC-46B3-9821-0E36040BD5D5}.Debug|x64.ActiveCfg = Debug|x64
		{82EBA1EC-C7AC-46B3-9821-0E36040BD5D5}.Debug|x64.Build.0 = Debug|x64
		{82EBA1EC-C7AC-46B3-9821-0E36040BD5D5}.Debug|x86.ActiveCfg = Debug|Win32
		{82EBA1EC-C7AC-46B3-9821-0E36040BD5D5}.Debug|x86.Build.0 = Debug|Win32
		{82EBA1EC-C7AC-46B3-9821-0E36040BD5D5}.Release|x64.ActiveCfg = Release|x64
		{82EBA1EC-C7AC-46B3-9821-0E36040BD5D5}.Release|x64.Build.0 = Release|x64
		{82EBA1EC-C7AC-46B3-9821-0E36040BD5D5}.Release|x86.ActiveCfg = Release|Win32
		{82EBA1EC-C7AC-46B3-9821-0E36040BD5D5}.Release|x86.Build.0 = Release|Win32
	EndGlobalSection
	GlobalSection(SolutionProperties) = preSolution
		HideSolutionNode = FALSE
	EndGlobalSection
	GlobalSection(ExtensibilityGlobals) = postSolution
		SolutionGuid = {712A7776-7CED-440A-821B-7835FF90F571}
	EndGlobalSection
EndGlobal
